# Code generated by scarb DO NOT EDIT.
version = 1

[[package]]
name = "fp"
version = "0.1.4"
source = "registry+https://scarbs.xyz/"
checksum = "sha256:f636c02dfcb0fd321cd865c3ef0d5d352c7e27e4e21a2c3ad5836ab0d2511236"

[[package]]
name = "garaga"
version = "0.15.5"
source = "git+https://github.com/keep-starknet-strange/garaga.git?branch=main#a54d2130f902170e7277a68860986bb371f652ca"

[[package]]
name = "openzeppelin_access"
version = "1.0.0"
source = "registry+https://scarbs.xyz/"
checksum = "sha256:a39a4ea1582916c637bf7e3aee0832c3fe1ea3a3e39191955e8dc39d08327f9b"
dependencies = [
 "openzeppelin_introspection",
 "openzeppelin_utils",
]

[[package]]
name = "openzeppelin_introspection"
version = "1.0.0"
source = "registry+https://scarbs.xyz/"
checksum = "sha256:34e088ecf19e0b3012481a29f1fbb20e600540cb9a5db1c3002a97ebb7f5a32a"

[[package]]
name = "openzeppelin_upgrades"
version = "1.0.0"
source = "registry+https://scarbs.xyz/"
checksum = "sha256:36f7a03e7e7111577916aacf31f88ad0053de20f33ee10b0ab3804849c3aa373"

[[package]]
name = "openzeppelin_utils"
version = "1.0.0"
source = "registry+https://scarbs.xyz/"
checksum = "sha256:fd348b31c4a4407add33adc3c2b8f26dca71dbd7431faaf726168f37a91db0c1"

[[package]]
name = "snforge_scarb_plugin"
version = "0.37.1"
source = "registry+https://scarbs.xyz/"
checksum = "sha256:1a40de731b70d1283255d302b4ac471195ee3449c4a5881b3491284329bc2fb3"

[[package]]
name = "snforge_std"
version = "0.37.1"
source = "registry+https://scarbs.xyz/"
checksum = "sha256:129f2678462f489c6f7f3997625c518304a9a568921dd06d883fa5bcf4bdac14"
dependencies = [
 "snforge_scarb_plugin",
]

[[package]]
name = "verifier"
version = "0.1.0"
dependencies = [
 "fp",
 "garaga",
 "openzeppelin_access",
 "openzeppelin_upgrades",
 "snforge_std",
]
